
Microsoft Visual Studio Solution File, Format Version 12.00
# Visual Studio 2013
VisualStudioVersion = 12.0.31101.0
MinimumVisualStudioVersion = 10.0.40219.1
Project("{FAE04EC0-301F-11D3-BF4B-00C04F79EFBC}") = "ClassLibrary1", "ClassLibrary1\ClassLibrary1.csproj", "{C0B55BC6-7A96-4526-B2FA-1DA9CB8FB9DB}"
EndProject
Project("{2150E333-8FDC-42A3-9474-1A3956D46DE8}") = ".nuget", ".nuget", "{6389C4AA-F3CF-4786-9417-78F44DD28C47}"
	ProjectSection(SolutionItems) = preProject
		.nuget\packages.config = .nuget\packages.config
	EndProjectSection
EndProject
Global
	GlobalSection(SolutionConfigurationPlatforms) = preSolution
		Debug|Any CPU = Debug|Any CPU
		Release|Any CPU = Release|Any CPU
	EndGlobalSection
	GlobalSection(ProjectConfigurationPlatforms) = postSolution
		{C0B55BC6-7A96-4526-B2FA-1DA9CB8FB9DB}.Debug|Any CPU.ActiveCfg = Debug|Any CPU
		{C0B55BC6-7A96-4526-B2FA-1DA9CB8FB9DB}.Debug|Any CPU.Build.0 = Debug|Any CPU
		{C0B55BC6-7A96-4526-B2FA-1DA9CB8FB9DB}.Release|Any CPU.ActiveCfg = Release|Any CPU
		{C0B55BC6-7A96-4526-B2FA-1DA9CB8FB9DB}.Release|Any CPU.Build.0 = Release|Any CPU
	EndGlobalSection
	GlobalSection(SolutionProperties) = preSolution
		HideSolutionNode = FALSE
	EndGlobalSection
EndGlobal
